{
  "name": "@energinet/watt",
  "version": "0.0.1",
  "lockfileVersion": 2,
  "requires": true,
  "packages": {
    "": {
      "name": "@energinet/watt",
      "version": "0.0.1",
      "dependencies": {
        "tslib": "^2.2.0"
      },
      "peerDependencies": {
        "@angular/animations": "^12.1.0",
        "@angular/cdk": "^12.1.0",
        "@angular/common": "^12.1.0",
        "@angular/core": "^12.1.0",
        "@angular/material": "^12.1.0"
      }
    },
    "node_modules/@angular/animations": {
      "version": "12.2.2",
      "resolved": "https://registry.npmjs.org/@angular/animations/-/animations-12.2.2.tgz",
      "integrity": "sha512-arJzev1GYJYU5cR0x02WFm98ucuPaMuEjAoD+Yggl8Y0usefUm282ZZ+Jl4wCgbhus1JAjpFpoVQuZCVSn6F1g==",
      "peer": true,
      "dependencies": {
        "tslib": "^2.2.0"
      },
      "engines": {
        "node": "^12.14.1 || >=14.0.0"
      },
      "peerDependencies": {
        "@angular/core": "12.2.2"
      }
    },
    "node_modules/@angular/cdk": {
      "version": "12.2.2",
      "resolved": "https://registry.npmjs.org/@angular/cdk/-/cdk-12.2.2.tgz",
      "integrity": "sha512-aF8pfzJYfTeMpc+71nXcSaHOOjAdk+XEKTbTSmOO++OLoOevUoQU0ap0g+H3pfKyO5QCx28IZQxtQHV134QrqA==",
      "peer": true,
      "dependencies": {
        "tslib": "^2.2.0"
      },
      "optionalDependencies": {
        "parse5": "^5.0.0"
      },
      "peerDependencies": {
        "@angular/common": "^12.0.0 || ^13.0.0-0",
        "@angular/core": "^12.0.0 || ^13.0.0-0",
        "rxjs": "^6.5.3 || ^7.0.0"
      }
    },
    "node_modules/@angular/common": {
      "version": "12.2.2",
      "resolved": "https://registry.npmjs.org/@angular/common/-/common-12.2.2.tgz",
      "integrity": "sha512-cAfPHis8ynpR+qV9ViztCuNBjJ8YRDivvpUXtXecJYYBUPQt9uIiMLeqvBuWmFr+zKD+yAhWywbHEo/4m1JVtQ==",
      "peer": true,
      "dependencies": {
        "tslib": "^2.2.0"
      },
      "engines": {
        "node": "^12.14.1 || >=14.0.0"
      },
      "peerDependencies": {
        "@angular/core": "12.2.2",
        "rxjs": "^6.5.3 || ^7.0.0"
      }
    },
    "node_modules/@angular/core": {
      "version": "12.2.2",
      "resolved": "https://registry.npmjs.org/@angular/core/-/core-12.2.2.tgz",
      "integrity": "sha512-zNgH1iFB1vCVNk9PZ+GCo0sZXD19Zt3BobgmHkWJ+PVXRPuKpuLBXWsq7d9IXdbFopQQWWfVHo0eDagIicrSFQ==",
      "peer": true,
      "dependencies": {
        "tslib": "^2.2.0"
      },
      "engines": {
        "node": "^12.14.1 || >=14.0.0"
      },
      "peerDependencies": {
        "rxjs": "^6.5.3 || ^7.0.0",
        "zone.js": "~0.11.4"
      }
    },
    "node_modules/@angular/forms": {
      "version": "12.2.2",
      "resolved": "https://registry.npmjs.org/@angular/forms/-/forms-12.2.2.tgz",
      "integrity": "sha512-v0zYUdbL+odeDWJNYGq9KZ3535+esDuPaPjXkZkq05/DPCMZym35hx6RlFWn5DElSSfxn4n15mfZXaIWbJNbEQ==",
      "peer": true,
      "dependencies": {
        "tslib": "^2.2.0"
      },
      "engines": {
        "node": "^12.14.1 || >=14.0.0"
      },
      "peerDependencies": {
        "@angular/common": "12.2.2",
        "@angular/core": "12.2.2",
        "@angular/platform-browser": "12.2.2",
        "rxjs": "^6.5.3 || ^7.0.0"
      }
    },
    "node_modules/@angular/material": {
      "version": "12.2.2",
      "resolved": "https://registry.npmjs.org/@angular/material/-/material-12.2.2.tgz",
      "integrity": "sha512-leBvANI2RzK2QaWkW1ZX1M5lePAEYRYoRwtKLxYiNfUreArHpz44qpOhXwsYD2aJ+ZrdCRZxEPHe2r+2LpN8Uw==",
      "peer": true,
      "dependencies": {
        "tslib": "^2.2.0"
      },
      "peerDependencies": {
        "@angular/animations": "^12.0.0 || ^13.0.0-0",
        "@angular/cdk": "12.2.2",
        "@angular/common": "^12.0.0 || ^13.0.0-0",
        "@angular/core": "^12.0.0 || ^13.0.0-0",
        "@angular/forms": "^12.0.0 || ^13.0.0-0",
        "rxjs": "^6.5.3 || ^7.0.0"
      }
    },
    "node_modules/@angular/platform-browser": {
      "version": "12.2.2",
      "resolved": "https://registry.npmjs.org/@angular/platform-browser/-/platform-browser-12.2.2.tgz",
      "integrity": "sha512-uI/tBCzGl7ifQZB7euidO4OOY4qz2jrlMH2Ri6nVuXlLFl4/39ekq75xbJtIQ9/Nf4sWYpUytkq1oW820ZOtcA==",
      "peer": true,
      "dependencies": {
        "tslib": "^2.2.0"
      },
      "engines": {
        "node": "^12.14.1 || >=14.0.0"
      },
      "peerDependencies": {
        "@angular/animations": "12.2.2",
        "@angular/common": "12.2.2",
        "@angular/core": "12.2.2"
      },
      "peerDependenciesMeta": {
        "@angular/animations": {
          "optional": true
        }
      }
    },
    "node_modules/parse5": {
      "version": "5.1.1",
      "resolved": "https://registry.npmjs.org/parse5/-/parse5-5.1.1.tgz",
      "integrity": "sha512-ugq4DFI0Ptb+WWjAdOK16+u/nHfiIrcE+sh8kZMaM0WllQKLI9rOUq6c2b7cwPkXdzfQESqvoqK6ug7U/Yyzug==",
      "optional": true,
      "peer": true
    },
    "node_modules/rxjs": {
      "version": "7.3.0",
      "resolved": "https://registry.npmjs.org/rxjs/-/rxjs-7.3.0.tgz",
      "integrity": "sha512-p2yuGIg9S1epc3vrjKf6iVb3RCaAYjYskkO+jHIaV0IjOPlJop4UnodOoFb2xeNwlguqLYvGw1b1McillYb5Gw==",
      "peer": true,
      "dependencies": {
        "tslib": "~2.1.0"
      }
    },
    "node_modules/rxjs/node_modules/tslib": {
      "version": "2.1.0",
      "resolved": "https://registry.npmjs.org/tslib/-/tslib-2.1.0.tgz",
      "integrity": "sha512-hcVC3wYEziELGGmEEXue7D75zbwIIVUMWAVbHItGPx0ziyXxrOMQx4rQEVEV45Ut/1IotuEvwqPopzIOkDMf0A==",
      "peer": true
    },
    "node_modules/tslib": {
      "version": "2.3.1",
      "resolved": "https://registry.npmjs.org/tslib/-/tslib-2.3.1.tgz",
      "integrity": "sha512-77EbyPPpMz+FRFRuAFlWMtmgUWGe9UOG2Z25NqCwiIjRhOf5iKGuzSe5P2w1laq+FkRy4p+PCuVkJSGkzTEKVw=="
    },
    "node_modules/zone.js": {
      "version": "0.11.4",
      "resolved": "https://registry.npmjs.org/zone.js/-/zone.js-0.11.4.tgz",
      "integrity": "sha512-DDh2Ab+A/B+9mJyajPjHFPWfYU1H+pdun4wnnk0OcQTNjem1XQSZ2CDW+rfZEUDjv5M19SBqAkjZi0x5wuB5Qw==",
      "peer": true,
      "dependencies": {
        "tslib": "^2.0.0"
      }
    }
  },
  "dependencies": {
    "@angular/animations": {
      "version": "12.2.2",
      "resolved": "https://registry.npmjs.org/@angular/animations/-/animations-12.2.2.tgz",
      "integrity": "sha512-arJzev1GYJYU5cR0x02WFm98ucuPaMuEjAoD+Yggl8Y0usefUm282ZZ+Jl4wCgbhus1JAjpFpoVQuZCVSn6F1g==",
      "peer": true,
      "requires": {
        "tslib": "^2.2.0"
      }
    },
    "@angular/cdk": {
      "version": "12.2.2",
      "resolved": "https://registry.npmjs.org/@angular/cdk/-/cdk-12.2.2.tgz",
      "integrity": "sha512-aF8pfzJYfTeMpc+71nXcSaHOOjAdk+XEKTbTSmOO++OLoOevUoQU0ap0g+H3pfKyO5QCx28IZQxtQHV134QrqA==",
      "peer": true,
      "requires": {
        "parse5": "^5.0.0",
        "tslib": "^2.2.0"
      }
    },
    "@angular/common": {
      "version": "12.2.2",
      "resolved": "https://registry.npmjs.org/@angular/common/-/common-12.2.2.tgz",
      "integrity": "sha512-cAfPHis8ynpR+qV9ViztCuNBjJ8YRDivvpUXtXecJYYBUPQt9uIiMLeqvBuWmFr+zKD+yAhWywbHEo/4m1JVtQ==",
      "peer": true,
      "requires": {
        "tslib": "^2.2.0"
      }
    },
    "@angular/core": {
      "version": "12.2.2",
      "resolved": "https://registry.npmjs.org/@angular/core/-/core-12.2.2.tgz",
      "integrity": "sha512-zNgH1iFB1vCVNk9PZ+GCo0sZXD19Zt3BobgmHkWJ+PVXRPuKpuLBXWsq7d9IXdbFopQQWWfVHo0eDagIicrSFQ==",
      "peer": true,
      "requires": {
        "tslib": "^2.2.0"
      }
    },
    "@angular/forms": {
      "version": "12.2.2",
      "resolved": "https://registry.npmjs.org/@angular/forms/-/forms-12.2.2.tgz",
      "integrity": "sha512-v0zYUdbL+odeDWJNYGq9KZ3535+esDuPaPjXkZkq05/DPCMZym35hx6RlFWn5DElSSfxn4n15mfZXaIWbJNbEQ==",
      "peer": true,
      "requires": {
        "tslib": "^2.2.0"
      }
    },
    "@angular/material": {
      "version": "12.2.2",
      "resolved": "https://registry.npmjs.org/@angular/material/-/material-12.2.2.tgz",
      "integrity": "sha512-leBvANI2RzK2QaWkW1ZX1M5lePAEYRYoRwtKLxYiNfUreArHpz44qpOhXwsYD2aJ+ZrdCRZxEPHe2r+2LpN8Uw==",
      "peer": true,
      "requires": {
        "tslib": "^2.2.0"
      }
    },
    "@angular/platform-browser": {
      "version": "12.2.2",
      "resolved": "https://registry.npmjs.org/@angular/platform-browser/-/platform-browser-12.2.2.tgz",
      "integrity": "sha512-uI/tBCzGl7ifQZB7euidO4OOY4qz2jrlMH2Ri6nVuXlLFl4/39ekq75xbJtIQ9/Nf4sWYpUytkq1oW820ZOtcA==",
      "peer": true,
      "requires": {
        "tslib": "^2.2.0"
      }
    },
    "parse5": {
      "version": "5.1.1",
      "resolved": "https://registry.npmjs.org/parse5/-/parse5-5.1.1.tgz",
      "integrity": "sha512-ugq4DFI0Ptb+WWjAdOK16+u/nHfiIrcE+sh8kZMaM0WllQKLI9rOUq6c2b7cwPkXdzfQESqvoqK6ug7U/Yyzug==",
      "optional": true,
      "peer": true
    },
    "rxjs": {
      "version": "7.3.0",
      "resolved": "https://registry.npmjs.org/rxjs/-/rxjs-7.3.0.tgz",
      "integrity": "sha512-p2yuGIg9S1epc3vrjKf6iVb3RCaAYjYskkO+jHIaV0IjOPlJop4UnodOoFb2xeNwlguqLYvGw1b1McillYb5Gw==",
      "peer": true,
      "requires": {
        "tslib": "~2.1.0"
      },
      "dependencies": {
        "tslib": {
          "version": "2.1.0",
          "resolved": "https://registry.npmjs.org/tslib/-/tslib-2.1.0.tgz",
          "integrity": "sha512-hcVC3wYEziELGGmEEXue7D75zbwIIVUMWAVbHItGPx0ziyXxrOMQx4rQEVEV45Ut/1IotuEvwqPopzIOkDMf0A==",
          "peer": true
        }
      }
    },
    "tslib": {
      "version": "2.3.1",
      "resolved": "https://registry.npmjs.org/tslib/-/tslib-2.3.1.tgz",
      "integrity": "sha512-77EbyPPpMz+FRFRuAFlWMtmgUWGe9UOG2Z25NqCwiIjRhOf5iKGuzSe5P2w1laq+FkRy4p+PCuVkJSGkzTEKVw=="
    },
    "zone.js": {
      "version": "0.11.4",
      "resolved": "https://registry.npmjs.org/zone.js/-/zone.js-0.11.4.tgz",
      "integrity": "sha512-DDh2Ab+A/B+9mJyajPjHFPWfYU1H+pdun4wnnk0OcQTNjem1XQSZ2CDW+rfZEUDjv5M19SBqAkjZi0x5wuB5Qw==",
      "peer": true,
      "requires": {
        "tslib": "^2.0.0"
      }
    }
  }
}
