
Microsoft Visual Studio Solution File, Format Version 12.00
# Visual Studio Version 17
VisualStudioVersion = 17.2.32516.85
MinimumVisualStudioVersion = 10.0.40219.1
Project("{9A19103F-16F7-4668-BE54-9A1E7A4F7556}") = "Energinet.DataHub.MarketParticipant.ApplyDBMigrationsApp", "Energinet.DataHub.MarketParticipant.ApplyDBMigrationsApp\Energinet.DataHub.MarketParticipant.ApplyDBMigrationsApp.csproj", "{9028F8A2-D06C-42AC-9085-EC51061D57AB}"
EndProject
Project("{9A19103F-16F7-4668-BE54-9A1E7A4F7556}") = "Energinet.DataHub.MarketParticipant.EntryPoint.Organization", "Energinet.DataHub.MarketParticipant.EntryPoint.Organization\Energinet.DataHub.MarketParticipant.EntryPoint.Organization.csproj", "{667B27CE-0CA7-480A-8A6B-6C6C08DDB12C}"
EndProject
Project("{9A19103F-16F7-4668-BE54-9A1E7A4F7556}") = "Energinet.DataHub.MarketParticipant.Domain", "Energinet.DataHub.MarketParticipant.Domain\Energinet.DataHub.MarketParticipant.Domain.csproj", "{9DCCEEB3-E0F9-409B-9042-64186CF4F647}"
EndProject
Project("{9A19103F-16F7-4668-BE54-9A1E7A4F7556}") = "Energinet.DataHub.MarketParticipant.Infrastructure", "Energinet.DataHub.MarketParticipant.Infrastructure\Energinet.DataHub.MarketParticipant.Infrastructure.csproj", "{58F94F9F-2377-4762-BEB6-773FF868B154}"
EndProject
Project("{9A19103F-16F7-4668-BE54-9A1E7A4F7556}") = "Energinet.DataHub.MarketParticipant.Tests", "Energinet.DataHub.MarketParticipant.Tests\Energinet.DataHub.MarketParticipant.Tests.csproj", "{AE46581C-9AC6-448B-8B81-A61A3FFFA4C5}"
EndProject
Project("{9A19103F-16F7-4668-BE54-9A1E7A4F7556}") = "Energinet.DataHub.MarketParticipant.IntegrationTests", "Energinet.DataHub.MarketParticipant.IntegrationTests\Energinet.DataHub.MarketParticipant.IntegrationTests.csproj", "{A8378DDB-6E36-45B1-BE6A-6DB28D54805C}"
EndProject
Project("{9A19103F-16F7-4668-BE54-9A1E7A4F7556}") = "Energinet.DataHub.MarketParticipant.Application", "Energinet.DataHub.MarketParticipant.Application\Energinet.DataHub.MarketParticipant.Application.csproj", "{E7E8F6F7-F0A1-48CF-B0C7-3181385B3240}"
EndProject
Project("{2150E333-8FDC-42A3-9474-1A3956D46DE8}") = "Hosts", "Hosts", "{42E5FF3B-CE64-4AF4-B02C-0F6BEA6B8205}"
EndProject
Project("{2150E333-8FDC-42A3-9474-1A3956D46DE8}") = "Tests", "Tests", "{8D1A117E-96C5-4E3B-954C-4BEE3FCF2901}"
EndProject
Project("{9A19103F-16F7-4668-BE54-9A1E7A4F7556}") = "Energinet.DataHub.MarketParticipant.Common", "Energinet.DataHub.MarketParticipant.Common\Energinet.DataHub.MarketParticipant.Common.csproj", "{EDD2F341-6D5D-40CB-992A-EBB5D3B99687}"
EndProject
Project("{9A19103F-16F7-4668-BE54-9A1E7A4F7556}") = "Energinet.DataHub.MarketParticipant.EntryPoint.WebApi", "Energinet.DataHub.MarketParticipant.EntryPoint.WebApi\Energinet.DataHub.MarketParticipant.EntryPoint.WebApi.csproj", "{3DC88C36-187A-45C3-BC66-5F95A8512BBD}"
EndProject
Global
	GlobalSection(SolutionConfigurationPlatforms) = preSolution
		Debug|Any CPU = Debug|Any CPU
		Release|Any CPU = Release|Any CPU
	EndGlobalSection
	GlobalSection(ProjectConfigurationPlatforms) = postSolution
		{9028F8A2-D06C-42AC-9085-EC51061D57AB}.Debug|Any CPU.ActiveCfg = Debug|Any CPU
		{9028F8A2-D06C-42AC-9085-EC51061D57AB}.Debug|Any CPU.Build.0 = Debug|Any CPU
		{9028F8A2-D06C-42AC-9085-EC51061D57AB}.Release|Any CPU.ActiveCfg = Release|Any CPU
		{9028F8A2-D06C-42AC-9085-EC51061D57AB}.Release|Any CPU.Build.0 = Release|Any CPU
		{667B27CE-0CA7-480A-8A6B-6C6C08DDB12C}.Debug|Any CPU.ActiveCfg = Debug|Any CPU
		{667B27CE-0CA7-480A-8A6B-6C6C08DDB12C}.Debug|Any CPU.Build.0 = Debug|Any CPU
		{667B27CE-0CA7-480A-8A6B-6C6C08DDB12C}.Release|Any CPU.ActiveCfg = Release|Any CPU
		{667B27CE-0CA7-480A-8A6B-6C6C08DDB12C}.Release|Any CPU.Build.0 = Release|Any CPU
		{9DCCEEB3-E0F9-409B-9042-64186CF4F647}.Debug|Any CPU.ActiveCfg = Debug|Any CPU
		{9DCCEEB3-E0F9-409B-9042-64186CF4F647}.Debug|Any CPU.Build.0 = Debug|Any CPU
		{9DCCEEB3-E0F9-409B-9042-64186CF4F647}.Release|Any CPU.ActiveCfg = Release|Any CPU
		{9DCCEEB3-E0F9-409B-9042-64186CF4F647}.Release|Any CPU.Build.0 = Release|Any CPU
		{58F94F9F-2377-4762-BEB6-773FF868B154}.Debug|Any CPU.ActiveCfg = Debug|Any CPU
		{58F94F9F-2377-4762-BEB6-773FF868B154}.Debug|Any CPU.Build.0 = Debug|Any CPU
		{58F94F9F-2377-4762-BEB6-773FF868B154}.Release|Any CPU.ActiveCfg = Release|Any CPU
		{58F94F9F-2377-4762-BEB6-773FF868B154}.Release|Any CPU.Build.0 = Release|Any CPU
		{AE46581C-9AC6-448B-8B81-A61A3FFFA4C5}.Debug|Any CPU.ActiveCfg = Debug|Any CPU
		{AE46581C-9AC6-448B-8B81-A61A3FFFA4C5}.Debug|Any CPU.Build.0 = Debug|Any CPU
		{AE46581C-9AC6-448B-8B81-A61A3FFFA4C5}.Release|Any CPU.ActiveCfg = Release|Any CPU
		{AE46581C-9AC6-448B-8B81-A61A3FFFA4C5}.Release|Any CPU.Build.0 = Release|Any CPU
		{A8378DDB-6E36-45B1-BE6A-6DB28D54805C}.Debug|Any CPU.ActiveCfg = Debug|Any CPU
		{A8378DDB-6E36-45B1-BE6A-6DB28D54805C}.Debug|Any CPU.Build.0 = Debug|Any CPU
		{A8378DDB-6E36-45B1-BE6A-6DB28D54805C}.Release|Any CPU.ActiveCfg = Release|Any CPU
		{A8378DDB-6E36-45B1-BE6A-6DB28D54805C}.Release|Any CPU.Build.0 = Release|Any CPU
		{E7E8F6F7-F0A1-48CF-B0C7-3181385B3240}.Debug|Any CPU.ActiveCfg = Debug|Any CPU
		{E7E8F6F7-F0A1-48CF-B0C7-3181385B3240}.Debug|Any CPU.Build.0 = Debug|Any CPU
		{E7E8F6F7-F0A1-48CF-B0C7-3181385B3240}.Release|Any CPU.ActiveCfg = Release|Any CPU
		{E7E8F6F7-F0A1-48CF-B0C7-3181385B3240}.Release|Any CPU.Build.0 = Release|Any CPU
		{EDD2F341-6D5D-40CB-992A-EBB5D3B99687}.Debug|Any CPU.ActiveCfg = Debug|Any CPU
		{EDD2F341-6D5D-40CB-992A-EBB5D3B99687}.Debug|Any CPU.Build.0 = Debug|Any CPU
		{EDD2F341-6D5D-40CB-992A-EBB5D3B99687}.Release|Any CPU.ActiveCfg = Release|Any CPU
		{EDD2F341-6D5D-40CB-992A-EBB5D3B99687}.Release|Any CPU.Build.0 = Release|Any CPU
		{3DC88C36-187A-45C3-BC66-5F95A8512BBD}.Debug|Any CPU.ActiveCfg = Debug|Any CPU
		{3DC88C36-187A-45C3-BC66-5F95A8512BBD}.Debug|Any CPU.Build.0 = Debug|Any CPU
		{3DC88C36-187A-45C3-BC66-5F95A8512BBD}.Release|Any CPU.ActiveCfg = Release|Any CPU
		{3DC88C36-187A-45C3-BC66-5F95A8512BBD}.Release|Any CPU.Build.0 = Release|Any CPU
	EndGlobalSection
	GlobalSection(SolutionProperties) = preSolution
		HideSolutionNode = FALSE
	EndGlobalSection
	GlobalSection(NestedProjects) = preSolution
		{667B27CE-0CA7-480A-8A6B-6C6C08DDB12C} = {42E5FF3B-CE64-4AF4-B02C-0F6BEA6B8205}
		{AE46581C-9AC6-448B-8B81-A61A3FFFA4C5} = {8D1A117E-96C5-4E3B-954C-4BEE3FCF2901}
		{A8378DDB-6E36-45B1-BE6A-6DB28D54805C} = {8D1A117E-96C5-4E3B-954C-4BEE3FCF2901}
		{EDD2F341-6D5D-40CB-992A-EBB5D3B99687} = {42E5FF3B-CE64-4AF4-B02C-0F6BEA6B8205}
		{3DC88C36-187A-45C3-BC66-5F95A8512BBD} = {42E5FF3B-CE64-4AF4-B02C-0F6BEA6B8205}
	EndGlobalSection
	GlobalSection(ExtensibilityGlobals) = postSolution
		SolutionGuid = {C4BD498E-8E3E-415F-B556-35D01B8F556A}
	EndGlobalSection
EndGlobal
