Microsoft Visual Studio Solution File, Format Version 12.00
# Copyright 2020 Energinet DataHub A/S
VisualStudioVersion = 16.0.31702.278
MinimumVisualStudioVersion = 10.0.40219.1
Project("{9A19103F-16F7-4668-BE54-9A1E7A4F7556}") = "DataHub.WebApi", "source\DataHub.WebApi\DataHub.WebApi.csproj", "{845192D8-844B-4F74-BB51-AB80617FF6C1}"
EndProject
Project("{9A19103F-16F7-4668-BE54-9A1E7A4F7556}") = "DataHub.WebApi.Tests", "source\DataHub.WebApi.Tests\DataHub.WebApi.Tests.csproj", "{32D65373-1631-4219-9152-8C4B2E2E937B}"
EndProject
Project("{9A19103F-16F7-4668-BE54-9A1E7A4F7556}") = "app-host", "source\app-host\app-host.csproj", "{7C304C7A-7E1C-479A-83A9-0F97AF015C5D}"
EndProject
Project("{9A19103F-16F7-4668-BE54-9A1E7A4F7556}") = "service-defaults", "source\service-defaults\service-defaults.csproj", "{3D2FCFD6-45CB-472B-8C6B-61ABCFFD7DB9}"
EndProject
Project("{FAE04EC0-301F-11D3-BF4B-00C04F79EFBC}") = "DataHub.Gateway", "source\DataHub.Gateway\DataHub.Gateway.csproj", "{D8DE5A5C-7DA1-4379-8AA7-08D33B39F6A5}"
EndProject
Global
	GlobalSection(SolutionConfigurationPlatforms) = preSolution
		Debug|Any CPU = Debug|Any CPU
		Release|Any CPU = Release|Any CPU
	EndGlobalSection
	GlobalSection(ProjectConfigurationPlatforms) = postSolution
		{845192D8-844B-4F74-BB51-AB80617FF6C1}.Debug|Any CPU.ActiveCfg = Debug|Any CPU
		{845192D8-844B-4F74-BB51-AB80617FF6C1}.Debug|Any CPU.Build.0 = Debug|Any CPU
		{845192D8-844B-4F74-BB51-AB80617FF6C1}.Release|Any CPU.ActiveCfg = Release|Any CPU
		{845192D8-844B-4F74-BB51-AB80617FF6C1}.Release|Any CPU.Build.0 = Release|Any CPU
		{32D65373-1631-4219-9152-8C4B2E2E937B}.Debug|Any CPU.ActiveCfg = Debug|Any CPU
		{32D65373-1631-4219-9152-8C4B2E2E937B}.Debug|Any CPU.Build.0 = Debug|Any CPU
		{32D65373-1631-4219-9152-8C4B2E2E937B}.Release|Any CPU.ActiveCfg = Release|Any CPU
		{32D65373-1631-4219-9152-8C4B2E2E937B}.Release|Any CPU.Build.0 = Release|Any CPU
		{7C304C7A-7E1C-479A-83A9-0F97AF015C5D}.Debug|Any CPU.ActiveCfg = Debug|Any CPU
		{7C304C7A-7E1C-479A-83A9-0F97AF015C5D}.Debug|Any CPU.Build.0 = Debug|Any CPU
		{7C304C7A-7E1C-479A-83A9-0F97AF015C5D}.Release|Any CPU.ActiveCfg = Release|Any CPU
		{7C304C7A-7E1C-479A-83A9-0F97AF015C5D}.Release|Any CPU.Build.0 = Release|Any CPU
		{6592E58C-386B-4245-859A-67AC40E94269}.Debug|Any CPU.ActiveCfg = Debug|Any CPU
		{6592E58C-386B-4245-859A-67AC40E94269}.Debug|Any CPU.Build.0 = Debug|Any CPU
		{6592E58C-386B-4245-859A-67AC40E94269}.Release|Any CPU.ActiveCfg = Release|Any CPU
		{6592E58C-386B-4245-859A-67AC40E94269}.Release|Any CPU.Build.0 = Release|Any CPU
		{3D2FCFD6-45CB-472B-8C6B-61ABCFFD7DB9}.Debug|Any CPU.ActiveCfg = Debug|Any CPU
		{3D2FCFD6-45CB-472B-8C6B-61ABCFFD7DB9}.Debug|Any CPU.Build.0 = Debug|Any CPU
		{3D2FCFD6-45CB-472B-8C6B-61ABCFFD7DB9}.Release|Any CPU.ActiveCfg = Release|Any CPU
		{3D2FCFD6-45CB-472B-8C6B-61ABCFFD7DB9}.Release|Any CPU.Build.0 = Release|Any CPU
		{D8DE5A5C-7DA1-4379-8AA7-08D33B39F6A5}.Debug|Any CPU.ActiveCfg = Debug|Any CPU
		{D8DE5A5C-7DA1-4379-8AA7-08D33B39F6A5}.Debug|Any CPU.Build.0 = Debug|Any CPU
		{D8DE5A5C-7DA1-4379-8AA7-08D33B39F6A5}.Release|Any CPU.ActiveCfg = Release|Any CPU
		{D8DE5A5C-7DA1-4379-8AA7-08D33B39F6A5}.Release|Any CPU.Build.0 = Release|Any CPU
	EndGlobalSection
	GlobalSection(SolutionProperties) = preSolution
		HideSolutionNode = FALSE
	EndGlobalSection
	GlobalSection(ExtensibilityGlobals) = postSolution
		SolutionGuid = {2C4CD26E-9269-4581-86EA-1C121B8B3A99}
	EndGlobalSection
EndGlobal
